// !$*UTF8*$!
{
	archiveVersion = 1;
	classes = {
	};
	objectVersion = 50;
	objects = {

/* Begin PBXBuildFile section */
		8E15D30D24892C2A00CD8E73 /* AppDelegate.swift in Sources */ = {isa = PBXBuildFile; fileRef = 8E15D30C24892C2A00CD8E73 /* AppDelegate.swift */; };
		8E15D30F24892C2A00CD8E73 /* SceneDelegate.swift in Sources */ = {isa = PBXBuildFile; fileRef = 8E15D30E24892C2A00CD8E73 /* SceneDelegate.swift */; };
		8E15D31424892C2A00CD8E73 /* Main.storyboard in Resources */ = {isa = PBXBuildFile; fileRef = 8E15D31224892C2A00CD8E73 /* Main.storyboard */; };
		8E15D31624892C2D00CD8E73 /* Assets.xcassets in Resources */ = {isa = PBXBuildFile; fileRef = 8E15D31524892C2D00CD8E73 /* Assets.xcassets */; };
		8E15D31924892C2D00CD8E73 /* LaunchScreen.storyboard in Resources */ = {isa = PBXBuildFile; fileRef = 8E15D31724892C2D00CD8E73 /* LaunchScreen.storyboard */; };
		8E15D32424892C2D00CD8E73 /* GifSearcherTests.swift in Sources */ = {isa = PBXBuildFile; fileRef = 8E15D32324892C2D00CD8E73 /* GifSearcherTests.swift */; };
		8E15D34324893C3C00CD8E73 /* SearchViewController.swift in Sources */ = {isa = PBXBuildFile; fileRef = 8E15D33D24893C3C00CD8E73 /* SearchViewController.swift */; };
		8E15D34424893C3C00CD8E73 /* SearchInteractor.swift in Sources */ = {isa = PBXBuildFile; fileRef = 8E15D33E24893C3C00CD8E73 /* SearchInteractor.swift */; };
		8E15D34524893C3C00CD8E73 /* SearchPresenter.swift in Sources */ = {isa = PBXBuildFile; fileRef = 8E15D33F24893C3C00CD8E73 /* SearchPresenter.swift */; };
		8E15D34624893C3C00CD8E73 /* SearchModels.swift in Sources */ = {isa = PBXBuildFile; fileRef = 8E15D34024893C3C00CD8E73 /* SearchModels.swift */; };
		8E15D34724893C3C00CD8E73 /* SearchWorker.swift in Sources */ = {isa = PBXBuildFile; fileRef = 8E15D34124893C3C00CD8E73 /* SearchWorker.swift */; };
		8E15D34824893C3C00CD8E73 /* SearchRouter.swift in Sources */ = {isa = PBXBuildFile; fileRef = 8E15D34224893C3C00CD8E73 /* SearchRouter.swift */; };
		8E15D34D2489410600CD8E73 /* AnimatedGif.swift in Sources */ = {isa = PBXBuildFile; fileRef = 8E15D34C2489410600CD8E73 /* AnimatedGif.swift */; };
		8E15D3632489B87300CD8E73 /* ServiceRequest.swift in Sources */ = {isa = PBXBuildFile; fileRef = 8E15D3622489B87300CD8E73 /* ServiceRequest.swift */; };
/* End PBXBuildFile section */

/* Begin PBXContainerItemProxy section */
		8E15D32024892C2D00CD8E73 /* PBXContainerItemProxy */ = {
			isa = PBXContainerItemProxy;
			containerPortal = 8E15D30124892C2A00CD8E73 /* Project object */;
			proxyType = 1;
			remoteGlobalIDString = 8E15D30824892C2A00CD8E73;
			remoteInfo = GifSearcher;
		};
/* End PBXContainerItemProxy section */

/* Begin PBXFileReference section */
		8E15D30924892C2A00CD8E73 /* GifSearcher.app */ = {isa = PBXFileReference; explicitFileType = wrapper.application; includeInIndex = 0; path = GifSearcher.app; sourceTree = BUILT_PRODUCTS_DIR; };
		8E15D30C24892C2A00CD8E73 /* AppDelegate.swift */ = {isa = PBXFileReference; lastKnownFileType = sourcecode.swift; path = AppDelegate.swift; sourceTree = "<group>"; };
		8E15D30E24892C2A00CD8E73 /* SceneDelegate.swift */ = {isa = PBXFileReference; lastKnownFileType = sourcecode.swift; path = SceneDelegate.swift; sourceTree = "<group>"; };
		8E15D31324892C2A00CD8E73 /* Base */ = {isa = PBXFileReference; lastKnownFileType = file.storyboard; name = Base; path = Base.lproj/Main.storyboard; sourceTree = "<group>"; };
		8E15D31524892C2D00CD8E73 /* Assets.xcassets */ = {isa = PBXFileReference; lastKnownFileType = folder.assetcatalog; path = Assets.xcassets; sourceTree = "<group>"; };
		8E15D31824892C2D00CD8E73 /* Base */ = {isa = PBXFileReference; lastKnownFileType = file.storyboard; name = Base; path = Base.lproj/LaunchScreen.storyboard; sourceTree = "<group>"; };
		8E15D31A24892C2D00CD8E73 /* Info.plist */ = {isa = PBXFileReference; lastKnownFileType = text.plist.xml; path = Info.plist; sourceTree = "<group>"; };
		8E15D31F24892C2D00CD8E73 /* GifSearcherTests.xctest */ = {isa = PBXFileReference; explicitFileType = wrapper.cfbundle; includeInIndex = 0; path = GifSearcherTests.xctest; sourceTree = BUILT_PRODUCTS_DIR; };
		8E15D32324892C2D00CD8E73 /* GifSearcherTests.swift */ = {isa = PBXFileReference; lastKnownFileType = sourcecode.swift; path = GifSearcherTests.swift; sourceTree = "<group>"; };
		8E15D32524892C2D00CD8E73 /* Info.plist */ = {isa = PBXFileReference; lastKnownFileType = text.plist.xml; path = Info.plist; sourceTree = "<group>"; };
		8E15D33D24893C3C00CD8E73 /* SearchViewController.swift */ = {isa = PBXFileReference; fileEncoding = 4; lastKnownFileType = sourcecode.swift; path = SearchViewController.swift; sourceTree = "<group>"; };
		8E15D33E24893C3C00CD8E73 /* SearchInteractor.swift */ = {isa = PBXFileReference; fileEncoding = 4; lastKnownFileType = sourcecode.swift; path = SearchInteractor.swift; sourceTree = "<group>"; };
		8E15D33F24893C3C00CD8E73 /* SearchPresenter.swift */ = {isa = PBXFileReference; fileEncoding = 4; lastKnownFileType = sourcecode.swift; path = SearchPresenter.swift; sourceTree = "<group>"; };
		8E15D34024893C3C00CD8E73 /* SearchModels.swift */ = {isa = PBXFileReference; fileEncoding = 4; lastKnownFileType = sourcecode.swift; path = SearchModels.swift; sourceTree = "<group>"; };
		8E15D34124893C3C00CD8E73 /* SearchWorker.swift */ = {isa = PBXFileReference; fileEncoding = 4; lastKnownFileType = sourcecode.swift; path = SearchWorker.swift; sourceTree = "<group>"; };
		8E15D34224893C3C00CD8E73 /* SearchRouter.swift */ = {isa = PBXFileReference; fileEncoding = 4; lastKnownFileType = sourcecode.swift; path = SearchRouter.swift; sourceTree = "<group>"; };
		8E15D34C2489410600CD8E73 /* AnimatedGif.swift */ = {isa = PBXFileReference; lastKnownFileType = sourcecode.swift; path = AnimatedGif.swift; sourceTree = "<group>"; };
		8E15D3622489B87300CD8E73 /* ServiceRequest.swift */ = {isa = PBXFileReference; fileEncoding = 4; lastKnownFileType = sourcecode.swift; path = ServiceRequest.swift; sourceTree = "<group>"; };
/* End PBXFileReference section */

/* Begin PBXFrameworksBuildPhase section */
		8E15D30624892C2A00CD8E73 /* Frameworks */ = {
			isa = PBXFrameworksBuildPhase;
			buildActionMask = 2147483647;
			files = (
			);
			runOnlyForDeploymentPostprocessing = 0;
		};
		8E15D31C24892C2D00CD8E73 /* Frameworks */ = {
			isa = PBXFrameworksBuildPhase;
			buildActionMask = 2147483647;
			files = (
			);
			runOnlyForDeploymentPostprocessing = 0;
		};
/* End PBXFrameworksBuildPhase section */

/* Begin PBXGroup section */
		8E15D30024892C2A00CD8E73 = {
			isa = PBXGroup;
			children = (
				8E15D30B24892C2A00CD8E73 /* GifSearcher */,
				8E15D32224892C2D00CD8E73 /* GifSearcherTests */,
				8E15D30A24892C2A00CD8E73 /* Products */,
			);
			sourceTree = "<group>";
		};
		8E15D30A24892C2A00CD8E73 /* Products */ = {
			isa = PBXGroup;
			children = (
				8E15D30924892C2A00CD8E73 /* GifSearcher.app */,
				8E15D31F24892C2D00CD8E73 /* GifSearcherTests.xctest */,
			);
			name = Products;
			sourceTree = "<group>";
		};
		8E15D30B24892C2A00CD8E73 /* GifSearcher */ = {
			isa = PBXGroup;
			children = (
				8E15D3612489B87300CD8E73 /* ServiceCall */,
				8E15D349248940F500CD8E73 /* Models */,
				8E15D33C24893C3C00CD8E73 /* SearchScene */,
				8E15D30C24892C2A00CD8E73 /* AppDelegate.swift */,
				8E15D30E24892C2A00CD8E73 /* SceneDelegate.swift */,
				8E15D31224892C2A00CD8E73 /* Main.storyboard */,
				8E15D31524892C2D00CD8E73 /* Assets.xcassets */,
				8E15D31724892C2D00CD8E73 /* LaunchScreen.storyboard */,
				8E15D31A24892C2D00CD8E73 /* Info.plist */,
			);
			path = GifSearcher;
			sourceTree = "<group>";
		};
		8E15D32224892C2D00CD8E73 /* GifSearcherTests */ = {
			isa = PBXGroup;
			children = (
				8E15D32324892C2D00CD8E73 /* GifSearcherTests.swift */,
				8E15D32524892C2D00CD8E73 /* Info.plist */,
			);
			path = GifSearcherTests;
			sourceTree = "<group>";
		};
		8E15D33C24893C3C00CD8E73 /* SearchScene */ = {
			isa = PBXGroup;
			children = (
				8E15D33D24893C3C00CD8E73 /* SearchViewController.swift */,
				8E15D33E24893C3C00CD8E73 /* SearchInteractor.swift */,
				8E15D33F24893C3C00CD8E73 /* SearchPresenter.swift */,
				8E15D34024893C3C00CD8E73 /* SearchModels.swift */,
				8E15D34124893C3C00CD8E73 /* SearchWorker.swift */,
				8E15D34224893C3C00CD8E73 /* SearchRouter.swift */,
			);
			path = SearchScene;
			sourceTree = "<group>";
		};
		8E15D349248940F500CD8E73 /* Models */ = {
			isa = PBXGroup;
			children = (
				8E15D34C2489410600CD8E73 /* AnimatedGif.swift */,
			);
			path = Models;
			sourceTree = "<group>";
		};
		8E15D3612489B87300CD8E73 /* ServiceCall */ = {
			isa = PBXGroup;
			children = (
				8E15D3622489B87300CD8E73 /* ServiceRequest.swift */,
			);
			path = ServiceCall;
			sourceTree = "<group>";
		};
/* End PBXGroup section */

/* Begin PBXNativeTarget section */
		8E15D30824892C2A00CD8E73 /* GifSearcher */ = {
			isa = PBXNativeTarget;
			buildConfigurationList = 8E15D32824892C2D00CD8E73 /* Build configuration list for PBXNativeTarget "GifSearcher" */;
			buildPhases = (
				8E15D30524892C2A00CD8E73 /* Sources */,
				8E15D30624892C2A00CD8E73 /* Frameworks */,
				8E15D30724892C2A00CD8E73 /* Resources */,
			);
			buildRules = (
			);
			dependencies = (
			);
			name = GifSearcher;
			productName = GifSearcher;
			productReference = 8E15D30924892C2A00CD8E73 /* GifSearcher.app */;
			productType = "com.apple.product-type.application";
		};
		8E15D31E24892C2D00CD8E73 /* GifSearcherTests */ = {
			isa = PBXNativeTarget;
			buildConfigurationList = 8E15D32B24892C2D00CD8E73 /* Build configuration list for PBXNativeTarget "GifSearcherTests" */;
			buildPhases = (
				8E15D31B24892C2D00CD8E73 /* Sources */,
				8E15D31C24892C2D00CD8E73 /* Frameworks */,
				8E15D31D24892C2D00CD8E73 /* Resources */,
			);
			buildRules = (
			);
			dependencies = (
				8E15D32124892C2D00CD8E73 /* PBXTargetDependency */,
			);
			name = GifSearcherTests;
			productName = GifSearcherTests;
			productReference = 8E15D31F24892C2D00CD8E73 /* GifSearcherTests.xctest */;
			productType = "com.apple.product-type.bundle.unit-test";
		};
/* End PBXNativeTarget section */

/* Begin PBXProject section */
		8E15D30124892C2A00CD8E73 /* Project object */ = {
			isa = PBXProject;
			attributes = {
				LastSwiftUpdateCheck = 1150;
				LastUpgradeCheck = 1150;
				ORGANIZATIONNAME = "Edgar Barocio";
				TargetAttributes = {
					8E15D30824892C2A00CD8E73 = {
						CreatedOnToolsVersion = 11.5;
					};
					8E15D31E24892C2D00CD8E73 = {
						CreatedOnToolsVersion = 11.5;
						TestTargetID = 8E15D30824892C2A00CD8E73;
					};
				};
			};
			buildConfigurationList = 8E15D30424892C2A00CD8E73 /* Build configuration list for PBXProject "GifSearcher" */;
			compatibilityVersion = "Xcode 9.3";
			developmentRegion = en;
			hasScannedForEncodings = 0;
			knownRegions = (
				en,
				Base,
			);
			mainGroup = 8E15D30024892C2A00CD8E73;
			productRefGroup = 8E15D30A24892C2A00CD8E73 /* Products */;
			projectDirPath = "";
			projectRoot = "";
			targets = (
				8E15D30824892C2A00CD8E73 /* GifSearcher */,
				8E15D31E24892C2D00CD8E73 /* GifSearcherTests */,
			);
		};
/* End PBXProject section */

/* Begin PBXResourcesBuildPhase section */
		8E15D30724892C2A00CD8E73 /* Resources */ = {
			isa = PBXResourcesBuildPhase;
			buildActionMask = 2147483647;
			files = (
				8E15D31924892C2D00CD8E73 /* LaunchScreen.storyboard in Resources */,
				8E15D31624892C2D00CD8E73 /* Assets.xcassets in Resources */,
				8E15D31424892C2A00CD8E73 /* Main.storyboard in Resources */,
			);
			runOnlyForDeploymentPostprocessing = 0;
		};
		8E15D31D24892C2D00CD8E73 /* Resources */ = {
			isa = PBXResourcesBuildPhase;
			buildActionMask = 2147483647;
			files = (
			);
			runOnlyForDeploymentPostprocessing = 0;
		};
/* End PBXResourcesBuildPhase section */

/* Begin PBXSourcesBuildPhase section */
		8E15D30524892C2A00CD8E73 /* Sources */ = {
			isa = PBXSourcesBuildPhase;
			buildActionMask = 2147483647;
			files = (
				8E15D34D2489410600CD8E73 /* AnimatedGif.swift in Sources */,
				8E15D34624893C3C00CD8E73 /* SearchModels.swift in Sources */,
				8E15D30D24892C2A00CD8E73 /* AppDelegate.swift in Sources */,
				8E15D34824893C3C00CD8E73 /* SearchRouter.swift in Sources */,
				8E15D34524893C3C00CD8E73 /* SearchPresenter.swift in Sources */,
				8E15D3632489B87300CD8E73 /* ServiceRequest.swift in Sources */,
				8E15D34324893C3C00CD8E73 /* SearchViewController.swift in Sources */,
				8E15D34724893C3C00CD8E73 /* SearchWorker.swift in Sources */,
				8E15D30F24892C2A00CD8E73 /* SceneDelegate.swift in Sources */,
				8E15D34424893C3C00CD8E73 /* SearchInteractor.swift in Sources */,
			);
			runOnlyForDeploymentPostprocessing = 0;
		};
		8E15D31B24892C2D00CD8E73 /* Sources */ = {
			isa = PBXSourcesBuildPhase;
			buildActionMask = 2147483647;
			files = (
				8E15D32424892C2D00CD8E73 /* GifSearcherTests.swift in Sources */,
			);
			runOnlyForDeploymentPostprocessing = 0;
		};
/* End PBXSourcesBuildPhase section */

/* Begin PBXTargetDependency section */
		8E15D32124892C2D00CD8E73 /* PBXTargetDependency */ = {
			isa = PBXTargetDependency;
			target = 8E15D30824892C2A00CD8E73 /* GifSearcher */;
			targetProxy = 8E15D32024892C2D00CD8E73 /* PBXContainerItemProxy */;
		};
/* End PBXTargetDependency section */

/* Begin PBXVariantGroup section */
		8E15D31224892C2A00CD8E73 /* Main.storyboard */ = {
			isa = PBXVariantGroup;
			children = (
				8E15D31324892C2A00CD8E73 /* Base */,
			);
			name = Main.storyboard;
			sourceTree = "<group>";
		};
		8E15D31724892C2D00CD8E73 /* LaunchScreen.storyboard */ = {
			isa = PBXVariantGroup;
			children = (
				8E15D31824892C2D00CD8E73 /* Base */,
			);
			name = LaunchScreen.storyboard;
			sourceTree = "<group>";
		};
/* End PBXVariantGroup section */

/* Begin XCBuildConfiguration section */
		8E15D32624892C2D00CD8E73 /* Debug */ = {
			isa = XCBuildConfiguration;
			buildSettings = {
				ALWAYS_SEARCH_USER_PATHS = NO;
				CLANG_ANALYZER_NONNULL = YES;
				CLANG_ANALYZER_NUMBER_OBJECT_CONVERSION = YES_AGGRESSIVE;
				CLANG_CXX_LANGUAGE_STANDARD = "gnu++14";
				CLANG_CXX_LIBRARY = "libc++";
				CLANG_ENABLE_MODULES = YES;
				CLANG_ENABLE_OBJC_ARC = YES;
				CLANG_ENABLE_OBJC_WEAK = YES;
				CLANG_WARN_BLOCK_CAPTURE_AUTORELEASING = YES;
				CLANG_WARN_BOOL_CONVERSION = YES;
				CLANG_WARN_COMMA = YES;
				CLANG_WARN_CONSTANT_CONVERSION = YES;
				CLANG_WARN_DEPRECATED_OBJC_IMPLEMENTATIONS = YES;
				CLANG_WARN_DIRECT_OBJC_ISA_USAGE = YES_ERROR;
				CLANG_WARN_DOCUMENTATION_COMMENTS = YES;
				CLANG_WARN_EMPTY_BODY = YES;
				CLANG_WARN_ENUM_CONVERSION = YES;
				CLANG_WARN_INFINITE_RECURSION = YES;
				CLANG_WARN_INT_CONVERSION = YES;
				CLANG_WARN_NON_LITERAL_NULL_CONVERSION = YES;
				CLANG_WARN_OBJC_IMPLICIT_RETAIN_SELF = YES;
				CLANG_WARN_OBJC_LITERAL_CONVERSION = YES;
				CLANG_WARN_OBJC_ROOT_CLASS = YES_ERROR;
				CLANG_WARN_RANGE_LOOP_ANALYSIS = YES;
				CLANG_WARN_STRICT_PROTOTYPES = YES;
				CLANG_WARN_SUSPICIOUS_MOVE = YES;
				CLANG_WARN_UNGUARDED_AVAILABILITY = YES_AGGRESSIVE;
				CLANG_WARN_UNREACHABLE_CODE = YES;
				CLANG_WARN__DUPLICATE_METHOD_MATCH = YES;
				COPY_PHASE_STRIP = NO;
				DEBUG_INFORMATION_FORMAT = dwarf;
				ENABLE_STRICT_OBJC_MSGSEND = YES;
				ENABLE_TESTABILITY = YES;
				GCC_C_LANGUAGE_STANDARD = gnu11;
				GCC_DYNAMIC_NO_PIC = NO;
				GCC_NO_COMMON_BLOCKS = YES;
				GCC_OPTIMIZATION_LEVEL = 0;
				GCC_PREPROCESSOR_DEFINITIONS = (
					"DEBUG=1",
					"$(inherited)",
				);
				GCC_WARN_64_TO_32_BIT_CONVERSION = YES;
				GCC_WARN_ABOUT_RETURN_TYPE = YES_ERROR;
				GCC_WARN_UNDECLARED_SELECTOR = YES;
				GCC_WARN_UNINITIALIZED_AUTOS = YES_AGGRESSIVE;
				GCC_WARN_UNUSED_FUNCTION = YES;
				GCC_WARN_UNUSED_VARIABLE = YES;
				IPHONEOS_DEPLOYMENT_TARGET = 13.5;
				MTL_ENABLE_DEBUG_INFO = INCLUDE_SOURCE;
				MTL_FAST_MATH = YES;
				ONLY_ACTIVE_ARCH = YES;
				SDKROOT = iphoneos;
				SWIFT_ACTIVE_COMPILATION_CONDITIONS = DEBUG;
				SWIFT_OPTIMIZATION_LEVEL = "-Onone";
			};
			name = Debug;
		};
		8E15D32724892C2D00CD8E73 /* Release */ = {
			isa = XCBuildConfiguration;
			buildSettings = {
				ALWAYS_SEARCH_USER_PATHS = NO;
				CLANG_ANALYZER_NONNULL = YES;
				CLANG_ANALYZER_NUMBER_OBJECT_CONVERSION = YES_AGGRESSIVE;
				CLANG_CXX_LANGUAGE_STANDARD = "gnu++14";
				CLANG_CXX_LIBRARY = "libc++";
				CLANG_ENABLE_MODULES = YES;
				CLANG_ENABLE_OBJC_ARC = YES;
				CLANG_ENABLE_OBJC_WEAK = YES;
				CLANG_WARN_BLOCK_CAPTURE_AUTORELEASING = YES;
				CLANG_WARN_BOOL_CONVERSION = YES;
				CLANG_WARN_COMMA = YES;
				CLANG_WARN_CONSTANT_CONVERSION = YES;
				CLANG_WARN_DEPRECATED_OBJC_IMPLEMENTATIONS = YES;
				CLANG_WARN_DIRECT_OBJC_ISA_USAGE = YES_ERROR;
				CLANG_WARN_DOCUMENTATION_COMMENTS = YES;
				CLANG_WARN_EMPTY_BODY = YES;
				CLANG_WARN_ENUM_CONVERSION = YES;
				CLANG_WARN_INFINITE_RECURSION = YES;
				CLANG_WARN_INT_CONVERSION = YES;
				CLANG_WARN_NON_LITERAL_NULL_CONVERSION = YES;
				CLANG_WARN_OBJC_IMPLICIT_RETAIN_SELF = YES;
				CLANG_WARN_OBJC_LITERAL_CONVERSION = YES;
				CLANG_WARN_OBJC_ROOT_CLASS = YES_ERROR;
				CLANG_WARN_RANGE_LOOP_ANALYSIS = YES;
				CLANG_WARN_STRICT_PROTOTYPES = YES;
				CLANG_WARN_SUSPICIOUS_MOVE = YES;
				CLANG_WARN_UNGUARDED_AVAILABILITY = YES_AGGRESSIVE;
				CLANG_WARN_UNREACHABLE_CODE = YES;
				CLANG_WARN__DUPLICATE_METHOD_MATCH = YES;
				COPY_PHASE_STRIP = NO;
				DEBUG_INFORMATION_FORMAT = "dwarf-with-dsym";
				ENABLE_NS_ASSERTIONS = NO;
				ENABLE_STRICT_OBJC_MSGSEND = YES;
				GCC_C_LANGUAGE_STANDARD = gnu11;
				GCC_NO_COMMON_BLOCKS = YES;
				GCC_WARN_64_TO_32_BIT_CONVERSION = YES;
				GCC_WARN_ABOUT_RETURN_TYPE = YES_ERROR;
				GCC_WARN_UNDECLARED_SELECTOR = YES;
				GCC_WARN_UNINITIALIZED_AUTOS = YES_AGGRESSIVE;
				GCC_WARN_UNUSED_FUNCTION = YES;
				GCC_WARN_UNUSED_VARIABLE = YES;
				IPHONEOS_DEPLOYMENT_TARGET = 13.5;
				MTL_ENABLE_DEBUG_INFO = NO;
				MTL_FAST_MATH = YES;
				SDKROOT = iphoneos;
				SWIFT_COMPILATION_MODE = wholemodule;
				SWIFT_OPTIMIZATION_LEVEL = "-O";
				VALIDATE_PRODUCT = YES;
			};
			name = Release;
		};
		8E15D32924892C2D00CD8E73 /* Debug */ = {
			isa = XCBuildConfiguration;
			buildSettings = {
				ASSETCATALOG_COMPILER_APPICON_NAME = AppIcon;
				CODE_SIGN_STYLE = Automatic;
				INFOPLIST_FILE = GifSearcher/Info.plist;
				LD_RUNPATH_SEARCH_PATHS = (
					"$(inherited)",
					"@executable_path/Frameworks",
				);
				PRODUCT_BUNDLE_IDENTIFIER = com.test.GifSearcher;
				PRODUCT_NAME = "$(TARGET_NAME)";
				SWIFT_VERSION = 5.0;
				TARGETED_DEVICE_FAMILY = "1,2";
			};
			name = Debug;
		};
		8E15D32A24892C2D00CD8E73 /* Release */ = {
			isa = XCBuildConfiguration;
			buildSettings = {
				ASSETCATALOG_COMPILER_APPICON_NAME = AppIcon;
				CODE_SIGN_STYLE = Automatic;
				INFOPLIST_FILE = GifSearcher/Info.plist;
				LD_RUNPATH_SEARCH_PATHS = (
					"$(inherited)",
					"@executable_path/Frameworks",
				);
				PRODUCT_BUNDLE_IDENTIFIER = com.test.GifSearcher;
				PRODUCT_NAME = "$(TARGET_NAME)";
				SWIFT_VERSION = 5.0;
				TARGETED_DEVICE_FAMILY = "1,2";
			};
			name = Release;
		};
		8E15D32C24892C2D00CD8E73 /* Debug */ = {
			isa = XCBuildConfiguration;
			buildSettings = {
				ALWAYS_EMBED_SWIFT_STANDARD_LIBRARIES = YES;
				BUNDLE_LOADER = "$(TEST_HOST)";
				CODE_SIGN_STYLE = Automatic;
				INFOPLIST_FILE = GifSearcherTests/Info.plist;
				IPHONEOS_DEPLOYMENT_TARGET = 13.5;
				LD_RUNPATH_SEARCH_PATHS = (
					"$(inherited)",
					"@executable_path/Frameworks",
					"@loader_path/Frameworks",
				);
				PRODUCT_BUNDLE_IDENTIFIER = com.test.GifSearcherTests;
				PRODUCT_NAME = "$(TARGET_NAME)";
				SWIFT_VERSION = 5.0;
				TARGETED_DEVICE_FAMILY = "1,2";
				TEST_HOST = "$(BUILT_PRODUCTS_DIR)/GifSearcher.app/GifSearcher";
			};
			name = Debug;
		};
		8E15D32D24892C2D00CD8E73 /* Release */ = {
			isa = XCBuildConfiguration;
			buildSettings = {
				ALWAYS_EMBED_SWIFT_STANDARD_LIBRARIES = YES;
				BUNDLE_LOADER = "$(TEST_HOST)";
				CODE_SIGN_STYLE = Automatic;
				INFOPLIST_FILE = GifSearcherTests/Info.plist;
				IPHONEOS_DEPLOYMENT_TARGET = 13.5;
				LD_RUNPATH_SEARCH_PATHS = (
					"$(inherited)",
					"@executable_path/Frameworks",
					"@loader_path/Frameworks",
				);
				PRODUCT_BUNDLE_IDENTIFIER = com.test.GifSearcherTests;
				PRODUCT_NAME = "$(TARGET_NAME)";
				SWIFT_VERSION = 5.0;
				TARGETED_DEVICE_FAMILY = "1,2";
				TEST_HOST = "$(BUILT_PRODUCTS_DIR)/GifSearcher.app/GifSearcher";
			};
			name = Release;
		};
/* End XCBuildConfiguration section */

/* Begin XCConfigurationList section */
		8E15D30424892C2A00CD8E73 /* Build configuration list for PBXProject "GifSearcher" */ = {
			isa = XCConfigurationList;
			buildConfigurations = (
				8E15D32624892C2D00CD8E73 /* Debug */,
				8E15D32724892C2D00CD8E73 /* Release */,
			);
			defaultConfigurationIsVisible = 0;
			defaultConfigurationName = Release;
		};
		8E15D32824892C2D00CD8E73 /* Build configuration list for PBXNativeTarget "GifSearcher" */ = {
			isa = XCConfigurationList;
			buildConfigurations = (
				8E15D32924892C2D00CD8E73 /* Debug */,
				8E15D32A24892C2D00CD8E73 /* Release */,
			);
			defaultConfigurationIsVisible = 0;
			defaultConfigurationName = Release;
		};
		8E15D32B24892C2D00CD8E73 /* Build configuration list for PBXNativeTarget "GifSearcherTests" */ = {
			isa = XCConfigurationList;
			buildConfigurations = (
				8E15D32C24892C2D00CD8E73 /* Debug */,
				8E15D32D24892C2D00CD8E73 /* Release */,
			);
			defaultConfigurationIsVisible = 0;
			defaultConfigurationName = Release;
		};
/* End XCConfigurationList section */
	};
	rootObject = 8E15D30124892C2A00CD8E73 /* Project object */;
}
