// !$*UTF8*$!
{
	archiveVersion = 1;
	classes = {
	};
	objectVersion = 51;
	objects = {

/* Begin PBXBuildFile section */
		8E15D30D24892C2A00CD8E73 /* AppDelegate.swift in Sources */ = {isa = PBXBuildFile; fileRef = 8E15D30C24892C2A00CD8E73 /* AppDelegate.swift */; };
		8E15D30F24892C2A00CD8E73 /* SceneDelegate.swift in Sources */ = {isa = PBXBuildFile; fileRef = 8E15D30E24892C2A00CD8E73 /* SceneDelegate.swift */; };
		8E15D31424892C2A00CD8E73 /* Main.storyboard in Resources */ = {isa = PBXBuildFile; fileRef = 8E15D31224892C2A00CD8E73 /* Main.storyboard */; };
		8E15D31624892C2D00CD8E73 /* Assets.xcassets in Resources */ = {isa = PBXBuildFile; fileRef = 8E15D31524892C2D00CD8E73 /* Assets.xcassets */; };
		8E15D31924892C2D00CD8E73 /* LaunchScreen.storyboard in Resources */ = {isa = PBXBuildFile; fileRef = 8E15D31724892C2D00CD8E73 /* LaunchScreen.storyboard */; };
		8E15D32424892C2D00CD8E73 /* GifSearcherTests.swift in Sources */ = {isa = PBXBuildFile; fileRef = 8E15D32324892C2D00CD8E73 /* GifSearcherTests.swift */; };
		8E15D34D2489410600CD8E73 /* AnimatedGif.swift in Sources */ = {isa = PBXBuildFile; fileRef = 8E15D34C2489410600CD8E73 /* AnimatedGif.swift */; };
		8E15D3652489BFBD00CD8E73 /* SearchViewController.swift in Sources */ = {isa = PBXBuildFile; fileRef = 8E15D3642489BFBD00CD8E73 /* SearchViewController.swift */; };
		8E15D36B2489C02E00CD8E73 /* SearchPresenter.swift in Sources */ = {isa = PBXBuildFile; fileRef = 8E15D3662489C02E00CD8E73 /* SearchPresenter.swift */; };
		8E15D36C2489C02E00CD8E73 /* SearchRouter.swift in Sources */ = {isa = PBXBuildFile; fileRef = 8E15D3672489C02E00CD8E73 /* SearchRouter.swift */; };
		8E15D36D2489C02E00CD8E73 /* SearchModels.swift in Sources */ = {isa = PBXBuildFile; fileRef = 8E15D3682489C02E00CD8E73 /* SearchModels.swift */; };
		8E15D36E2489C02E00CD8E73 /* SearchWorker.swift in Sources */ = {isa = PBXBuildFile; fileRef = 8E15D3692489C02E00CD8E73 /* SearchWorker.swift */; };
		8E15D36F2489C02E00CD8E73 /* SearchInteractor.swift in Sources */ = {isa = PBXBuildFile; fileRef = 8E15D36A2489C02E00CD8E73 /* SearchInteractor.swift */; };
		8E15D3712489E6A800CD8E73 /* SampleSearch.json in Resources */ = {isa = PBXBuildFile; fileRef = 8E15D3702489E6A800CD8E73 /* SampleSearch.json */; };
		8E15D3732489E7D700CD8E73 /* ServiceRequest.swift in Sources */ = {isa = PBXBuildFile; fileRef = 8E15D3622489B87300CD8E73 /* ServiceRequest.swift */; };
		8E15D387248A02F600CD8E73 /* SearchResultCell.swift in Sources */ = {isa = PBXBuildFile; fileRef = 8E15D385248A02F600CD8E73 /* SearchResultCell.swift */; };
		8E15D388248A02F600CD8E73 /* SearchResultCell.xib in Resources */ = {isa = PBXBuildFile; fileRef = 8E15D386248A02F600CD8E73 /* SearchResultCell.xib */; };
		8E411A75248A983F00DE9000 /* GifSearchPresenterTests.swift in Sources */ = {isa = PBXBuildFile; fileRef = 8E411A74248A983F00DE9000 /* GifSearchPresenterTests.swift */; };
		8E411A77248A9ABF00DE9000 /* GifSample.swift in Sources */ = {isa = PBXBuildFile; fileRef = 8E411A76248A9ABF00DE9000 /* GifSample.swift */; };
		8E411A79248A9DA400DE9000 /* SearchGifInteractorTests.swift in Sources */ = {isa = PBXBuildFile; fileRef = 8E411A78248A9DA400DE9000 /* SearchGifInteractorTests.swift */; };
		8E411A7B248A9F0000DE9000 /* SpyClasses.swift in Sources */ = {isa = PBXBuildFile; fileRef = 8E411A7A248A9F0000DE9000 /* SpyClasses.swift */; };
		A2E77E725FA26F557D8A6F87 /* Pods_GifSearcherTests.framework in Frameworks */ = {isa = PBXBuildFile; fileRef = 9917FA6629C5E2417FD5F44D /* Pods_GifSearcherTests.framework */; };
		B02DCEB587AEADACF9499800 /* Pods_GifSearcher.framework in Frameworks */ = {isa = PBXBuildFile; fileRef = 87B5EEECB7BFEF696FCD2C1B /* Pods_GifSearcher.framework */; };
/* End PBXBuildFile section */

/* Begin PBXContainerItemProxy section */
		8E15D32024892C2D00CD8E73 /* PBXContainerItemProxy */ = {
			isa = PBXContainerItemProxy;
			containerPortal = 8E15D30124892C2A00CD8E73 /* Project object */;
			proxyType = 1;
			remoteGlobalIDString = 8E15D30824892C2A00CD8E73;
			remoteInfo = GifSearcher;
		};
/* End PBXContainerItemProxy section */

/* Begin PBXFileReference section */
		0BC08C6FB4B07B78312BCBC0 /* Pods-GifSearcher.debug.xcconfig */ = {isa = PBXFileReference; includeInIndex = 1; lastKnownFileType = text.xcconfig; name = "Pods-GifSearcher.debug.xcconfig"; path = "Target Support Files/Pods-GifSearcher/Pods-GifSearcher.debug.xcconfig"; sourceTree = "<group>"; };
		0CBECAABEAECB9B63CA99E8E /* Pods-GifSearcher.release.xcconfig */ = {isa = PBXFileReference; includeInIndex = 1; lastKnownFileType = text.xcconfig; name = "Pods-GifSearcher.release.xcconfig"; path = "Target Support Files/Pods-GifSearcher/Pods-GifSearcher.release.xcconfig"; sourceTree = "<group>"; };
		1A122939852C5C7161875DF5 /* Pods-GifSearcherTests.debug.xcconfig */ = {isa = PBXFileReference; includeInIndex = 1; lastKnownFileType = text.xcconfig; name = "Pods-GifSearcherTests.debug.xcconfig"; path = "Target Support Files/Pods-GifSearcherTests/Pods-GifSearcherTests.debug.xcconfig"; sourceTree = "<group>"; };
		23EA97F52159AA0F9A2B54DE /* Pods-GifSearcherTests.release.xcconfig */ = {isa = PBXFileReference; includeInIndex = 1; lastKnownFileType = text.xcconfig; name = "Pods-GifSearcherTests.release.xcconfig"; path = "Target Support Files/Pods-GifSearcherTests/Pods-GifSearcherTests.release.xcconfig"; sourceTree = "<group>"; };
		87B5EEECB7BFEF696FCD2C1B /* Pods_GifSearcher.framework */ = {isa = PBXFileReference; explicitFileType = wrapper.framework; includeInIndex = 0; path = Pods_GifSearcher.framework; sourceTree = BUILT_PRODUCTS_DIR; };
		8E15D30924892C2A00CD8E73 /* GifSearcher.app */ = {isa = PBXFileReference; explicitFileType = wrapper.application; includeInIndex = 0; path = GifSearcher.app; sourceTree = BUILT_PRODUCTS_DIR; };
		8E15D30C24892C2A00CD8E73 /* AppDelegate.swift */ = {isa = PBXFileReference; lastKnownFileType = sourcecode.swift; path = AppDelegate.swift; sourceTree = "<group>"; };
		8E15D30E24892C2A00CD8E73 /* SceneDelegate.swift */ = {isa = PBXFileReference; lastKnownFileType = sourcecode.swift; path = SceneDelegate.swift; sourceTree = "<group>"; };
		8E15D31324892C2A00CD8E73 /* Base */ = {isa = PBXFileReference; lastKnownFileType = file.storyboard; name = Base; path = Base.lproj/Main.storyboard; sourceTree = "<group>"; };
		8E15D31524892C2D00CD8E73 /* Assets.xcassets */ = {isa = PBXFileReference; lastKnownFileType = folder.assetcatalog; path = Assets.xcassets; sourceTree = "<group>"; };
		8E15D31824892C2D00CD8E73 /* Base */ = {isa = PBXFileReference; lastKnownFileType = file.storyboard; name = Base; path = Base.lproj/LaunchScreen.storyboard; sourceTree = "<group>"; };
		8E15D31A24892C2D00CD8E73 /* Info.plist */ = {isa = PBXFileReference; lastKnownFileType = text.plist.xml; path = Info.plist; sourceTree = "<group>"; };
		8E15D31F24892C2D00CD8E73 /* GifSearcherTests.xctest */ = {isa = PBXFileReference; explicitFileType = wrapper.cfbundle; includeInIndex = 0; path = GifSearcherTests.xctest; sourceTree = BUILT_PRODUCTS_DIR; };
		8E15D32324892C2D00CD8E73 /* GifSearcherTests.swift */ = {isa = PBXFileReference; lastKnownFileType = sourcecode.swift; path = GifSearcherTests.swift; sourceTree = "<group>"; };
		8E15D32524892C2D00CD8E73 /* Info.plist */ = {isa = PBXFileReference; lastKnownFileType = text.plist.xml; path = Info.plist; sourceTree = "<group>"; };
		8E15D34C2489410600CD8E73 /* AnimatedGif.swift */ = {isa = PBXFileReference; lastKnownFileType = sourcecode.swift; path = AnimatedGif.swift; sourceTree = "<group>"; };
		8E15D3622489B87300CD8E73 /* ServiceRequest.swift */ = {isa = PBXFileReference; fileEncoding = 4; lastKnownFileType = sourcecode.swift; path = ServiceRequest.swift; sourceTree = "<group>"; };
		8E15D3642489BFBD00CD8E73 /* SearchViewController.swift */ = {isa = PBXFileReference; fileEncoding = 4; lastKnownFileType = sourcecode.swift; path = SearchViewController.swift; sourceTree = "<group>"; };
		8E15D3662489C02E00CD8E73 /* SearchPresenter.swift */ = {isa = PBXFileReference; fileEncoding = 4; lastKnownFileType = sourcecode.swift; path = SearchPresenter.swift; sourceTree = "<group>"; };
		8E15D3672489C02E00CD8E73 /* SearchRouter.swift */ = {isa = PBXFileReference; fileEncoding = 4; lastKnownFileType = sourcecode.swift; path = SearchRouter.swift; sourceTree = "<group>"; };
		8E15D3682489C02E00CD8E73 /* SearchModels.swift */ = {isa = PBXFileReference; fileEncoding = 4; lastKnownFileType = sourcecode.swift; path = SearchModels.swift; sourceTree = "<group>"; };
		8E15D3692489C02E00CD8E73 /* SearchWorker.swift */ = {isa = PBXFileReference; fileEncoding = 4; lastKnownFileType = sourcecode.swift; path = SearchWorker.swift; sourceTree = "<group>"; };
		8E15D36A2489C02E00CD8E73 /* SearchInteractor.swift */ = {isa = PBXFileReference; fileEncoding = 4; lastKnownFileType = sourcecode.swift; path = SearchInteractor.swift; sourceTree = "<group>"; };
		8E15D3702489E6A800CD8E73 /* SampleSearch.json */ = {isa = PBXFileReference; lastKnownFileType = text.json; path = SampleSearch.json; sourceTree = "<group>"; };
		8E15D381248A028A00CD8E73 /* FLAnimatedImage.framework */ = {isa = PBXFileReference; lastKnownFileType = wrapper.framework; name = FLAnimatedImage.framework; path = ../Carthage/Build/iOS/FLAnimatedImage.framework; sourceTree = "<group>"; };
		8E15D385248A02F600CD8E73 /* SearchResultCell.swift */ = {isa = PBXFileReference; lastKnownFileType = sourcecode.swift; path = SearchResultCell.swift; sourceTree = "<group>"; };
		8E15D386248A02F600CD8E73 /* SearchResultCell.xib */ = {isa = PBXFileReference; lastKnownFileType = file.xib; path = SearchResultCell.xib; sourceTree = "<group>"; };
		8E411A74248A983F00DE9000 /* GifSearchPresenterTests.swift */ = {isa = PBXFileReference; lastKnownFileType = sourcecode.swift; path = GifSearchPresenterTests.swift; sourceTree = "<group>"; };
		8E411A76248A9ABF00DE9000 /* GifSample.swift */ = {isa = PBXFileReference; lastKnownFileType = sourcecode.swift; path = GifSample.swift; sourceTree = "<group>"; };
		8E411A78248A9DA400DE9000 /* SearchGifInteractorTests.swift */ = {isa = PBXFileReference; lastKnownFileType = sourcecode.swift; path = SearchGifInteractorTests.swift; sourceTree = "<group>"; };
		8E411A7A248A9F0000DE9000 /* SpyClasses.swift */ = {isa = PBXFileReference; lastKnownFileType = sourcecode.swift; path = SpyClasses.swift; sourceTree = "<group>"; };
		9917FA6629C5E2417FD5F44D /* Pods_GifSearcherTests.framework */ = {isa = PBXFileReference; explicitFileType = wrapper.framework; includeInIndex = 0; path = Pods_GifSearcherTests.framework; sourceTree = BUILT_PRODUCTS_DIR; };
/* End PBXFileReference section */

/* Begin PBXFrameworksBuildPhase section */
		8E15D30624892C2A00CD8E73 /* Frameworks */ = {
			isa = PBXFrameworksBuildPhase;
			buildActionMask = 2147483647;
			files = (
				B02DCEB587AEADACF9499800 /* Pods_GifSearcher.framework in Frameworks */,
			);
			runOnlyForDeploymentPostprocessing = 0;
		};
		8E15D31C24892C2D00CD8E73 /* Frameworks */ = {
			isa = PBXFrameworksBuildPhase;
			buildActionMask = 2147483647;
			files = (
				A2E77E725FA26F557D8A6F87 /* Pods_GifSearcherTests.framework in Frameworks */,
			);
			runOnlyForDeploymentPostprocessing = 0;
		};
/* End PBXFrameworksBuildPhase section */

/* Begin PBXGroup section */
		3A9A71D1CC0FF09E3A004DE3 /* Pods */ = {
			isa = PBXGroup;
			children = (
				0BC08C6FB4B07B78312BCBC0 /* Pods-GifSearcher.debug.xcconfig */,
				0CBECAABEAECB9B63CA99E8E /* Pods-GifSearcher.release.xcconfig */,
				1A122939852C5C7161875DF5 /* Pods-GifSearcherTests.debug.xcconfig */,
				23EA97F52159AA0F9A2B54DE /* Pods-GifSearcherTests.release.xcconfig */,
			);
			path = Pods;
			sourceTree = "<group>";
		};
		8E15D30024892C2A00CD8E73 = {
			isa = PBXGroup;
			children = (
				8E15D30B24892C2A00CD8E73 /* GifSearcher */,
				8E15D32224892C2D00CD8E73 /* GifSearcherTests */,
				8E15D30A24892C2A00CD8E73 /* Products */,
				8E15D380248A028A00CD8E73 /* Frameworks */,
				3A9A71D1CC0FF09E3A004DE3 /* Pods */,
			);
			sourceTree = "<group>";
		};
		8E15D30A24892C2A00CD8E73 /* Products */ = {
			isa = PBXGroup;
			children = (
				8E15D30924892C2A00CD8E73 /* GifSearcher.app */,
				8E15D31F24892C2D00CD8E73 /* GifSearcherTests.xctest */,
			);
			name = Products;
			sourceTree = "<group>";
		};
		8E15D30B24892C2A00CD8E73 /* GifSearcher */ = {
			isa = PBXGroup;
			children = (
				8E15D3782489FE6200CD8E73 /* Views */,
				8E15D3612489B87300CD8E73 /* ServiceCall */,
				8E15D349248940F500CD8E73 /* Models */,
				8E15D33C24893C3C00CD8E73 /* SearchScene */,
				8E15D30C24892C2A00CD8E73 /* AppDelegate.swift */,
				8E15D30E24892C2A00CD8E73 /* SceneDelegate.swift */,
				8E15D31224892C2A00CD8E73 /* Main.storyboard */,
				8E15D31524892C2D00CD8E73 /* Assets.xcassets */,
				8E15D31724892C2D00CD8E73 /* LaunchScreen.storyboard */,
				8E15D31A24892C2D00CD8E73 /* Info.plist */,
			);
			path = GifSearcher;
			sourceTree = "<group>";
		};
		8E15D32224892C2D00CD8E73 /* GifSearcherTests */ = {
			isa = PBXGroup;
			children = (
				8E15D32324892C2D00CD8E73 /* GifSearcherTests.swift */,
				8E15D32524892C2D00CD8E73 /* Info.plist */,
				8E15D3702489E6A800CD8E73 /* SampleSearch.json */,
				8E411A74248A983F00DE9000 /* GifSearchPresenterTests.swift */,
				8E411A76248A9ABF00DE9000 /* GifSample.swift */,
				8E411A78248A9DA400DE9000 /* SearchGifInteractorTests.swift */,
				8E411A7A248A9F0000DE9000 /* SpyClasses.swift */,
			);
			path = GifSearcherTests;
			sourceTree = "<group>";
		};
		8E15D33C24893C3C00CD8E73 /* SearchScene */ = {
			isa = PBXGroup;
			children = (
				8E15D36A2489C02E00CD8E73 /* SearchInteractor.swift */,
				8E15D3682489C02E00CD8E73 /* SearchModels.swift */,
				8E15D3662489C02E00CD8E73 /* SearchPresenter.swift */,
				8E15D3672489C02E00CD8E73 /* SearchRouter.swift */,
				8E15D3692489C02E00CD8E73 /* SearchWorker.swift */,
				8E15D3642489BFBD00CD8E73 /* SearchViewController.swift */,
			);
			path = SearchScene;
			sourceTree = "<group>";
		};
		8E15D349248940F500CD8E73 /* Models */ = {
			isa = PBXGroup;
			children = (
				8E15D34C2489410600CD8E73 /* AnimatedGif.swift */,
			);
			path = Models;
			sourceTree = "<group>";
		};
		8E15D3612489B87300CD8E73 /* ServiceCall */ = {
			isa = PBXGroup;
			children = (
				8E15D3622489B87300CD8E73 /* ServiceRequest.swift */,
			);
			path = ServiceCall;
			sourceTree = "<group>";
		};
		8E15D3782489FE6200CD8E73 /* Views */ = {
			isa = PBXGroup;
			children = (
				8E15D385248A02F600CD8E73 /* SearchResultCell.swift */,
				8E15D386248A02F600CD8E73 /* SearchResultCell.xib */,
			);
			path = Views;
			sourceTree = "<group>";
		};
		8E15D380248A028A00CD8E73 /* Frameworks */ = {
			isa = PBXGroup;
			children = (
				8E15D381248A028A00CD8E73 /* FLAnimatedImage.framework */,
				87B5EEECB7BFEF696FCD2C1B /* Pods_GifSearcher.framework */,
				9917FA6629C5E2417FD5F44D /* Pods_GifSearcherTests.framework */,
			);
			name = Frameworks;
			sourceTree = "<group>";
		};
/* End PBXGroup section */

/* Begin PBXNativeTarget section */
		8E15D30824892C2A00CD8E73 /* GifSearcher */ = {
			isa = PBXNativeTarget;
			buildConfigurationList = 8E15D32824892C2D00CD8E73 /* Build configuration list for PBXNativeTarget "GifSearcher" */;
			buildPhases = (
				63106FCC4A5B14939A92A278 /* [CP] Check Pods Manifest.lock */,
				8E15D30524892C2A00CD8E73 /* Sources */,
				8E15D30624892C2A00CD8E73 /* Frameworks */,
				8E15D30724892C2A00CD8E73 /* Resources */,
				640668CB482AABF3C9440F43 /* [CP] Embed Pods Frameworks */,
			);
			buildRules = (
			);
			dependencies = (
			);
			name = GifSearcher;
			productName = GifSearcher;
			productReference = 8E15D30924892C2A00CD8E73 /* GifSearcher.app */;
			productType = "com.apple.product-type.application";
		};
		8E15D31E24892C2D00CD8E73 /* GifSearcherTests */ = {
			isa = PBXNativeTarget;
			buildConfigurationList = 8E15D32B24892C2D00CD8E73 /* Build configuration list for PBXNativeTarget "GifSearcherTests" */;
			buildPhases = (
				2D2329FA370A53E746BBBAF8 /* [CP] Check Pods Manifest.lock */,
				8E15D31B24892C2D00CD8E73 /* Sources */,
				8E15D31C24892C2D00CD8E73 /* Frameworks */,
				8E15D31D24892C2D00CD8E73 /* Resources */,
			);
			buildRules = (
			);
			dependencies = (
				8E15D32124892C2D00CD8E73 /* PBXTargetDependency */,
			);
			name = GifSearcherTests;
			productName = GifSearcherTests;
			productReference = 8E15D31F24892C2D00CD8E73 /* GifSearcherTests.xctest */;
			productType = "com.apple.product-type.bundle.unit-test";
		};
/* End PBXNativeTarget section */

/* Begin PBXProject section */
		8E15D30124892C2A00CD8E73 /* Project object */ = {
			isa = PBXProject;
			attributes = {
				LastSwiftUpdateCheck = 1150;
				LastUpgradeCheck = 1150;
				ORGANIZATIONNAME = "Edgar Barocio";
				TargetAttributes = {
					8E15D30824892C2A00CD8E73 = {
						CreatedOnToolsVersion = 11.5;
					};
					8E15D31E24892C2D00CD8E73 = {
						CreatedOnToolsVersion = 11.5;
						TestTargetID = 8E15D30824892C2A00CD8E73;
					};
				};
			};
			buildConfigurationList = 8E15D30424892C2A00CD8E73 /* Build configuration list for PBXProject "GifSearcher" */;
			compatibilityVersion = "Xcode 9.3";
			developmentRegion = en;
			hasScannedForEncodings = 0;
			knownRegions = (
				en,
				Base,
			);
			mainGroup = 8E15D30024892C2A00CD8E73;
			productRefGroup = 8E15D30A24892C2A00CD8E73 /* Products */;
			projectDirPath = "";
			projectRoot = "";
			targets = (
				8E15D30824892C2A00CD8E73 /* GifSearcher */,
				8E15D31E24892C2D00CD8E73 /* GifSearcherTests */,
			);
		};
/* End PBXProject section */

/* Begin PBXResourcesBuildPhase section */
		8E15D30724892C2A00CD8E73 /* Resources */ = {
			isa = PBXResourcesBuildPhase;
			buildActionMask = 2147483647;
			files = (
				8E15D31924892C2D00CD8E73 /* LaunchScreen.storyboard in Resources */,
				8E15D31624892C2D00CD8E73 /* Assets.xcassets in Resources */,
				8E15D388248A02F600CD8E73 /* SearchResultCell.xib in Resources */,
				8E15D31424892C2A00CD8E73 /* Main.storyboard in Resources */,
			);
			runOnlyForDeploymentPostprocessing = 0;
		};
		8E15D31D24892C2D00CD8E73 /* Resources */ = {
			isa = PBXResourcesBuildPhase;
			buildActionMask = 2147483647;
			files = (
				8E15D3712489E6A800CD8E73 /* SampleSearch.json in Resources */,
			);
			runOnlyForDeploymentPostprocessing = 0;
		};
/* End PBXResourcesBuildPhase section */

/* Begin PBXShellScriptBuildPhase section */
		2D2329FA370A53E746BBBAF8 /* [CP] Check Pods Manifest.lock */ = {
			isa = PBXShellScriptBuildPhase;
			buildActionMask = 2147483647;
			files = (
			);
			inputFileListPaths = (
			);
			inputPaths = (
				"${PODS_PODFILE_DIR_PATH}/Podfile.lock",
				"${PODS_ROOT}/Manifest.lock",
			);
			name = "[CP] Check Pods Manifest.lock";
			outputFileListPaths = (
			);
			outputPaths = (
				"$(DERIVED_FILE_DIR)/Pods-GifSearcherTests-checkManifestLockResult.txt",
			);
			runOnlyForDeploymentPostprocessing = 0;
			shellPath = /bin/sh;
			shellScript = "diff \"${PODS_PODFILE_DIR_PATH}/Podfile.lock\" \"${PODS_ROOT}/Manifest.lock\" > /dev/null\nif [ $? != 0 ] ; then\n    # print error to STDERR\n    echo \"error: The sandbox is not in sync with the Podfile.lock. Run 'pod install' or update your CocoaPods installation.\" >&2\n    exit 1\nfi\n# This output is used by Xcode 'outputs' to avoid re-running this script phase.\necho \"SUCCESS\" > \"${SCRIPT_OUTPUT_FILE_0}\"\n";
			showEnvVarsInLog = 0;
		};
		63106FCC4A5B14939A92A278 /* [CP] Check Pods Manifest.lock */ = {
			isa = PBXShellScriptBuildPhase;
			buildActionMask = 2147483647;
			files = (
			);
			inputFileListPaths = (
			);
			inputPaths = (
				"${PODS_PODFILE_DIR_PATH}/Podfile.lock",
				"${PODS_ROOT}/Manifest.lock",
			);
			name = "[CP] Check Pods Manifest.lock";
			outputFileListPaths = (
			);
			outputPaths = (
				"$(DERIVED_FILE_DIR)/Pods-GifSearcher-checkManifestLockResult.txt",
			);
			runOnlyForDeploymentPostprocessing = 0;
			shellPath = /bin/sh;
			shellScript = "diff \"${PODS_PODFILE_DIR_PATH}/Podfile.lock\" \"${PODS_ROOT}/Manifest.lock\" > /dev/null\nif [ $? != 0 ] ; then\n    # print error to STDERR\n    echo \"error: The sandbox is not in sync with the Podfile.lock. Run 'pod install' or update your CocoaPods installation.\" >&2\n    exit 1\nfi\n# This output is used by Xcode 'outputs' to avoid re-running this script phase.\necho \"SUCCESS\" > \"${SCRIPT_OUTPUT_FILE_0}\"\n";
			showEnvVarsInLog = 0;
		};
		640668CB482AABF3C9440F43 /* [CP] Embed Pods Frameworks */ = {
			isa = PBXShellScriptBuildPhase;
			buildActionMask = 2147483647;
			files = (
			);
			inputFileListPaths = (
				"${PODS_ROOT}/Target Support Files/Pods-GifSearcher/Pods-GifSearcher-frameworks-${CONFIGURATION}-input-files.xcfilelist",
			);
			name = "[CP] Embed Pods Frameworks";
			outputFileListPaths = (
				"${PODS_ROOT}/Target Support Files/Pods-GifSearcher/Pods-GifSearcher-frameworks-${CONFIGURATION}-output-files.xcfilelist",
			);
			runOnlyForDeploymentPostprocessing = 0;
			shellPath = /bin/sh;
			shellScript = "\"${PODS_ROOT}/Target Support Files/Pods-GifSearcher/Pods-GifSearcher-frameworks.sh\"\n";
			showEnvVarsInLog = 0;
		};
/* End PBXShellScriptBuildPhase section */

/* Begin PBXSourcesBuildPhase section */
		8E15D30524892C2A00CD8E73 /* Sources */ = {
			isa = PBXSourcesBuildPhase;
			buildActionMask = 2147483647;
			files = (
				8E15D3652489BFBD00CD8E73 /* SearchViewController.swift in Sources */,
				8E15D34D2489410600CD8E73 /* AnimatedGif.swift in Sources */,
				8E15D36B2489C02E00CD8E73 /* SearchPresenter.swift in Sources */,
				8E15D36C2489C02E00CD8E73 /* SearchRouter.swift in Sources */,
				8E15D36F2489C02E00CD8E73 /* SearchInteractor.swift in Sources */,
				8E15D3732489E7D700CD8E73 /* ServiceRequest.swift in Sources */,
				8E15D30D24892C2A00CD8E73 /* AppDelegate.swift in Sources */,
				8E15D36E2489C02E00CD8E73 /* SearchWorker.swift in Sources */,
				8E15D30F24892C2A00CD8E73 /* SceneDelegate.swift in Sources */,
				8E15D387248A02F600CD8E73 /* SearchResultCell.swift in Sources */,
				8E15D36D2489C02E00CD8E73 /* SearchModels.swift in Sources */,
			);
			runOnlyForDeploymentPostprocessing = 0;
		};
		8E15D31B24892C2D00CD8E73 /* Sources */ = {
			isa = PBXSourcesBuildPhase;
			buildActionMask = 2147483647;
			files = (
				8E15D32424892C2D00CD8E73 /* GifSearcherTests.swift in Sources */,
				8E411A77248A9ABF00DE9000 /* GifSample.swift in Sources */,
				8E411A7B248A9F0000DE9000 /* SpyClasses.swift in Sources */,
				8E411A75248A983F00DE9000 /* GifSearchPresenterTests.swift in Sources */,
				8E411A79248A9DA400DE9000 /* SearchGifInteractorTests.swift in Sources */,
			);
			runOnlyForDeploymentPostprocessing = 0;
		};
/* End PBXSourcesBuildPhase section */

/* Begin PBXTargetDependency section */
		8E15D32124892C2D00CD8E73 /* PBXTargetDependency */ = {
			isa = PBXTargetDependency;
			target = 8E15D30824892C2A00CD8E73 /* GifSearcher */;
			targetProxy = 8E15D32024892C2D00CD8E73 /* PBXContainerItemProxy */;
		};
/* End PBXTargetDependency section */

/* Begin PBXVariantGroup section */
		8E15D31224892C2A00CD8E73 /* Main.storyboard */ = {
			isa = PBXVariantGroup;
			children = (
				8E15D31324892C2A00CD8E73 /* Base */,
			);
			name = Main.storyboard;
			sourceTree = "<group>";
		};
		8E15D31724892C2D00CD8E73 /* LaunchScreen.storyboard */ = {
			isa = PBXVariantGroup;
			children = (
				8E15D31824892C2D00CD8E73 /* Base */,
			);
			name = LaunchScreen.storyboard;
			sourceTree = "<group>";
		};
/* End PBXVariantGroup section */

/* Begin XCBuildConfiguration section */
		8E15D32624892C2D00CD8E73 /* Debug */ = {
			isa = XCBuildConfiguration;
			buildSettings = {
				ALWAYS_SEARCH_USER_PATHS = NO;
				CLANG_ANALYZER_NONNULL = YES;
				CLANG_ANALYZER_NUMBER_OBJECT_CONVERSION = YES_AGGRESSIVE;
				CLANG_CXX_LANGUAGE_STANDARD = "gnu++14";
				CLANG_CXX_LIBRARY = "libc++";
				CLANG_ENABLE_MODULES = YES;
				CLANG_ENABLE_OBJC_ARC = YES;
				CLANG_ENABLE_OBJC_WEAK = YES;
				CLANG_WARN_BLOCK_CAPTURE_AUTORELEASING = YES;
				CLANG_WARN_BOOL_CONVERSION = YES;
				CLANG_WARN_COMMA = YES;
				CLANG_WARN_CONSTANT_CONVERSION = YES;
				CLANG_WARN_DEPRECATED_OBJC_IMPLEMENTATIONS = YES;
				CLANG_WARN_DIRECT_OBJC_ISA_USAGE = YES_ERROR;
				CLANG_WARN_DOCUMENTATION_COMMENTS = YES;
				CLANG_WARN_EMPTY_BODY = YES;
				CLANG_WARN_ENUM_CONVERSION = YES;
				CLANG_WARN_INFINITE_RECURSION = YES;
				CLANG_WARN_INT_CONVERSION = YES;
				CLANG_WARN_NON_LITERAL_NULL_CONVERSION = YES;
				CLANG_WARN_OBJC_IMPLICIT_RETAIN_SELF = YES;
				CLANG_WARN_OBJC_LITERAL_CONVERSION = YES;
				CLANG_WARN_OBJC_ROOT_CLASS = YES_ERROR;
				CLANG_WARN_RANGE_LOOP_ANALYSIS = YES;
				CLANG_WARN_STRICT_PROTOTYPES = YES;
				CLANG_WARN_SUSPICIOUS_MOVE = YES;
				CLANG_WARN_UNGUARDED_AVAILABILITY = YES_AGGRESSIVE;
				CLANG_WARN_UNREACHABLE_CODE = YES;
				CLANG_WARN__DUPLICATE_METHOD_MATCH = YES;
				COPY_PHASE_STRIP = NO;
				DEBUG_INFORMATION_FORMAT = dwarf;
				ENABLE_STRICT_OBJC_MSGSEND = YES;
				ENABLE_TESTABILITY = YES;
				GCC_C_LANGUAGE_STANDARD = gnu11;
				GCC_DYNAMIC_NO_PIC = NO;
				GCC_NO_COMMON_BLOCKS = YES;
				GCC_OPTIMIZATION_LEVEL = 0;
				GCC_PREPROCESSOR_DEFINITIONS = (
					"DEBUG=1",
					"$(inherited)",
				);
				GCC_WARN_64_TO_32_BIT_CONVERSION = YES;
				GCC_WARN_ABOUT_RETURN_TYPE = YES_ERROR;
				GCC_WARN_UNDECLARED_SELECTOR = YES;
				GCC_WARN_UNINITIALIZED_AUTOS = YES_AGGRESSIVE;
				GCC_WARN_UNUSED_FUNCTION = YES;
				GCC_WARN_UNUSED_VARIABLE = YES;
				IPHONEOS_DEPLOYMENT_TARGET = 13.5;
				MTL_ENABLE_DEBUG_INFO = INCLUDE_SOURCE;
				MTL_FAST_MATH = YES;
				ONLY_ACTIVE_ARCH = YES;
				SDKROOT = iphoneos;
				SWIFT_ACTIVE_COMPILATION_CONDITIONS = DEBUG;
				SWIFT_OPTIMIZATION_LEVEL = "-Onone";
			};
			name = Debug;
		};
		8E15D32724892C2D00CD8E73 /* Release */ = {
			isa = XCBuildConfiguration;
			buildSettings = {
				ALWAYS_SEARCH_USER_PATHS = NO;
				CLANG_ANALYZER_NONNULL = YES;
				CLANG_ANALYZER_NUMBER_OBJECT_CONVERSION = YES_AGGRESSIVE;
				CLANG_CXX_LANGUAGE_STANDARD = "gnu++14";
				CLANG_CXX_LIBRARY = "libc++";
				CLANG_ENABLE_MODULES = YES;
				CLANG_ENABLE_OBJC_ARC = YES;
				CLANG_ENABLE_OBJC_WEAK = YES;
				CLANG_WARN_BLOCK_CAPTURE_AUTORELEASING = YES;
				CLANG_WARN_BOOL_CONVERSION = YES;
				CLANG_WARN_COMMA = YES;
				CLANG_WARN_CONSTANT_CONVERSION = YES;
				CLANG_WARN_DEPRECATED_OBJC_IMPLEMENTATIONS = YES;
				CLANG_WARN_DIRECT_OBJC_ISA_USAGE = YES_ERROR;
				CLANG_WARN_DOCUMENTATION_COMMENTS = YES;
				CLANG_WARN_EMPTY_BODY = YES;
				CLANG_WARN_ENUM_CONVERSION = YES;
				CLANG_WARN_INFINITE_RECURSION = YES;
				CLANG_WARN_INT_CONVERSION = YES;
				CLANG_WARN_NON_LITERAL_NULL_CONVERSION = YES;
				CLANG_WARN_OBJC_IMPLICIT_RETAIN_SELF = YES;
				CLANG_WARN_OBJC_LITERAL_CONVERSION = YES;
				CLANG_WARN_OBJC_ROOT_CLASS = YES_ERROR;
				CLANG_WARN_RANGE_LOOP_ANALYSIS = YES;
				CLANG_WARN_STRICT_PROTOTYPES = YES;
				CLANG_WARN_SUSPICIOUS_MOVE = YES;
				CLANG_WARN_UNGUARDED_AVAILABILITY = YES_AGGRESSIVE;
				CLANG_WARN_UNREACHABLE_CODE = YES;
				CLANG_WARN__DUPLICATE_METHOD_MATCH = YES;
				COPY_PHASE_STRIP = NO;
				DEBUG_INFORMATION_FORMAT = "dwarf-with-dsym";
				ENABLE_NS_ASSERTIONS = NO;
				ENABLE_STRICT_OBJC_MSGSEND = YES;
				GCC_C_LANGUAGE_STANDARD = gnu11;
				GCC_NO_COMMON_BLOCKS = YES;
				GCC_WARN_64_TO_32_BIT_CONVERSION = YES;
				GCC_WARN_ABOUT_RETURN_TYPE = YES_ERROR;
				GCC_WARN_UNDECLARED_SELECTOR = YES;
				GCC_WARN_UNINITIALIZED_AUTOS = YES_AGGRESSIVE;
				GCC_WARN_UNUSED_FUNCTION = YES;
				GCC_WARN_UNUSED_VARIABLE = YES;
				IPHONEOS_DEPLOYMENT_TARGET = 13.5;
				MTL_ENABLE_DEBUG_INFO = NO;
				MTL_FAST_MATH = YES;
				SDKROOT = iphoneos;
				SWIFT_COMPILATION_MODE = wholemodule;
				SWIFT_OPTIMIZATION_LEVEL = "-O";
				VALIDATE_PRODUCT = YES;
			};
			name = Release;
		};
		8E15D32924892C2D00CD8E73 /* Debug */ = {
			isa = XCBuildConfiguration;
			baseConfigurationReference = 0BC08C6FB4B07B78312BCBC0 /* Pods-GifSearcher.debug.xcconfig */;
			buildSettings = {
				ASSETCATALOG_COMPILER_APPICON_NAME = AppIcon;
				CODE_SIGN_STYLE = Automatic;
				INFOPLIST_FILE = GifSearcher/Info.plist;
				LD_RUNPATH_SEARCH_PATHS = (
					"$(inherited)",
					"@executable_path/Frameworks",
				);
				PRODUCT_BUNDLE_IDENTIFIER = com.test.GifSearcher;
				PRODUCT_NAME = "$(TARGET_NAME)";
				SWIFT_VERSION = 5.0;
				TARGETED_DEVICE_FAMILY = 1;
			};
			name = Debug;
		};
		8E15D32A24892C2D00CD8E73 /* Release */ = {
			isa = XCBuildConfiguration;
			baseConfigurationReference = 0CBECAABEAECB9B63CA99E8E /* Pods-GifSearcher.release.xcconfig */;
			buildSettings = {
				ASSETCATALOG_COMPILER_APPICON_NAME = AppIcon;
				CODE_SIGN_STYLE = Automatic;
				INFOPLIST_FILE = GifSearcher/Info.plist;
				LD_RUNPATH_SEARCH_PATHS = (
					"$(inherited)",
					"@executable_path/Frameworks",
				);
				PRODUCT_BUNDLE_IDENTIFIER = com.test.GifSearcher;
				PRODUCT_NAME = "$(TARGET_NAME)";
				SWIFT_VERSION = 5.0;
				TARGETED_DEVICE_FAMILY = 1;
			};
			name = Release;
		};
		8E15D32C24892C2D00CD8E73 /* Debug */ = {
			isa = XCBuildConfiguration;
			baseConfigurationReference = 1A122939852C5C7161875DF5 /* Pods-GifSearcherTests.debug.xcconfig */;
			buildSettings = {
				ALWAYS_EMBED_SWIFT_STANDARD_LIBRARIES = YES;
				BUNDLE_LOADER = "$(TEST_HOST)";
				CODE_SIGN_STYLE = Automatic;
				INFOPLIST_FILE = GifSearcherTests/Info.plist;
				IPHONEOS_DEPLOYMENT_TARGET = 13.5;
				LD_RUNPATH_SEARCH_PATHS = (
					"$(inherited)",
					"@executable_path/Frameworks",
					"@loader_path/Frameworks",
				);
				PRODUCT_BUNDLE_IDENTIFIER = com.test.GifSearcherTests;
				PRODUCT_NAME = "$(TARGET_NAME)";
				SWIFT_VERSION = 5.0;
				TARGETED_DEVICE_FAMILY = "1,2";
				TEST_HOST = "$(BUILT_PRODUCTS_DIR)/GifSearcher.app/GifSearcher";
			};
			name = Debug;
		};
		8E15D32D24892C2D00CD8E73 /* Release */ = {
			isa = XCBuildConfiguration;
			baseConfigurationReference = 23EA97F52159AA0F9A2B54DE /* Pods-GifSearcherTests.release.xcconfig */;
			buildSettings = {
				ALWAYS_EMBED_SWIFT_STANDARD_LIBRARIES = YES;
				BUNDLE_LOADER = "$(TEST_HOST)";
				CODE_SIGN_STYLE = Automatic;
				INFOPLIST_FILE = GifSearcherTests/Info.plist;
				IPHONEOS_DEPLOYMENT_TARGET = 13.5;
				LD_RUNPATH_SEARCH_PATHS = (
					"$(inherited)",
					"@executable_path/Frameworks",
					"@loader_path/Frameworks",
				);
				PRODUCT_BUNDLE_IDENTIFIER = com.test.GifSearcherTests;
				PRODUCT_NAME = "$(TARGET_NAME)";
				SWIFT_VERSION = 5.0;
				TARGETED_DEVICE_FAMILY = "1,2";
				TEST_HOST = "$(BUILT_PRODUCTS_DIR)/GifSearcher.app/GifSearcher";
			};
			name = Release;
		};
/* End XCBuildConfiguration section */

/* Begin XCConfigurationList section */
		8E15D30424892C2A00CD8E73 /* Build configuration list for PBXProject "GifSearcher" */ = {
			isa = XCConfigurationList;
			buildConfigurations = (
				8E15D32624892C2D00CD8E73 /* Debug */,
				8E15D32724892C2D00CD8E73 /* Release */,
			);
			defaultConfigurationIsVisible = 0;
			defaultConfigurationName = Release;
		};
		8E15D32824892C2D00CD8E73 /* Build configuration list for PBXNativeTarget "GifSearcher" */ = {
			isa = XCConfigurationList;
			buildConfigurations = (
				8E15D32924892C2D00CD8E73 /* Debug */,
				8E15D32A24892C2D00CD8E73 /* Release */,
			);
			defaultConfigurationIsVisible = 0;
			defaultConfigurationName = Release;
		};
		8E15D32B24892C2D00CD8E73 /* Build configuration list for PBXNativeTarget "GifSearcherTests" */ = {
			isa = XCConfigurationList;
			buildConfigurations = (
				8E15D32C24892C2D00CD8E73 /* Debug */,
				8E15D32D24892C2D00CD8E73 /* Release */,
			);
			defaultConfigurationIsVisible = 0;
			defaultConfigurationName = Release;
		};
/* End XCConfigurationList section */
	};
	rootObject = 8E15D30124892C2A00CD8E73 /* Project object */;
}
